
Microsoft Visual Studio Solution File, Format Version 12.00
# Visual Studio Version 17
VisualStudioVersion = 17.0.31919.166
MinimumVisualStudioVersion = 10.0.40219.1
Project("{FAE04EC0-301F-11D3-BF4B-00C04F79EFBC}") = "SumOfTheDigit", "SumOfTheDigit\SumOfTheDigit.csproj", "{0269F571-100F-449D-B1ED-BFA9644B3C1B}"
EndProject
Global
	GlobalSection(SolutionConfigurationPlatforms) = preSolution
		Debug|Any CPU = Debug|Any CPU
		Release|Any CPU = Release|Any CPU
	EndGlobalSection
	GlobalSection(ProjectConfigurationPlatforms) = postSolution
		{0269F571-100F-449D-B1ED-BFA9644B3C1B}.Debug|Any CPU.ActiveCfg = Debug|Any CPU
		{0269F571-100F-449D-B1ED-BFA9644B3C1B}.Debug|Any CPU.Build.0 = Debug|Any CPU
		{0269F571-100F-449D-B1ED-BFA9644B3C1B}.Release|Any CPU.ActiveCfg = Release|Any CPU
		{0269F571-100F-449D-B1ED-BFA9644B3C1B}.Release|Any CPU.Build.0 = Release|Any CPU
	EndGlobalSection
	GlobalSection(SolutionProperties) = preSolution
		HideSolutionNode = FALSE
	EndGlobalSection
	GlobalSection(ExtensibilityGlobals) = postSolution
		SolutionGuid = {4AD459AF-B2A0-4915-AB2E-A252A4EFADC2}
	EndGlobalSection
EndGlobal
